{"version":4,"terraform_version":"1.11.6","serial":22,"lineage":"def6ed4f-0c71-9fa0-df95-2209da5411bb","outputs":{"audio_player_url":{"value":"http://52.221.18.227:5002/","type":"string"},"ec2_public_ip":{"value":"52.221.18.227","type":"string"},"esp32_config_snippet":{"value":"// ===== ใส่ใน config.h =====\n#define INFLUX_URL  \"http://52.221.18.227:8086\"\n#define EC2_IP      \"52.221.18.227\"\n#define EC2_PORT    5001\n// ==========================\n","type":"string"},"grafana_url":{"value":"http://52.221.18.227:3000","type":"string"},"influxdb_url":{"value":"http://52.221.18.227:8086","type":"string"},"private_key_path":{"value":"./spl-logger-key.pem","type":"string"},"s3_bucket_name":{"value":"spl-logger-audio-718530841028","type":"string"},"s3_recordings_prefix":{"value":"s3://spl-logger-audio-718530841028/recordings/","type":"string"},"ssh_command":{"value":"ssh -i ./spl-logger-key.pem ubuntu@52.221.18.227","type":"string"},"tcp_stream_endpoint":{"value":"52.221.18.227:5001","type":"string"}},"resources":[{"mode":"data","type":"aws_ami","name":"ubuntu","provider":"provider[\"registry.opentofu.org/hashicorp/aws\"]","instances":[{"schema_version":0,"attributes":{"architecture":"x86_64","arn":"arn:aws:ec2:ap-southeast-1::image/ami-0b63ddeab4f8a92db","block_device_mappings":[{"device_name":"/dev/sda1","ebs":{"delete_on_termination":"true","encrypted":"false","iops":"0","snapshot_id":"snap-07a16f1514a909aed","throughput":"0","volume_initialization_rate":"0","volume_size":"8","volume_type":"gp2"},"no_device":"","virtual_name":""},{"device_name":"/dev/sdb","ebs":{},"no_device":"","virtual_name":"ephemeral0"},{"device_name":"/dev/sdc","ebs":{},"no_device":"","virtual_name":"ephemeral1"}],"boot_mode":"uefi-preferred","creation_date":"2026-04-24T07:03:12.000Z","deprecation_time":"2028-04-24T07:03:12.000Z","description":"Canonical, Ubuntu, 22.04, amd64 jammy image","ena_support":true,"executable_users":null,"filter":[{"name":"name","values":["ubuntu/images/hvm-ssd/ubuntu-jammy-22.04-amd64-server-*"]},{"name":"virtualization-type","values":["hvm"]}],"hypervisor":"xen","id":"ami-0b63ddeab4f8a92db","image_id":"ami-0b63ddeab4f8a92db","image_location":"amazon/ubuntu/images/hvm-ssd/ubuntu-jammy-22.04-amd64-server-20260424","image_owner_alias":"amazon","image_type":"machine","imds_support":"","include_deprecated":false,"kernel_id":"","last_launched_time":"","most_recent":true,"name":"ubuntu/images/hvm-ssd/ubuntu-jammy-22.04-amd64-server-20260424","name_regex":null,"owner_id":"099720109477","owners":["099720109477"],"platform":"","platform_details":"Linux/UNIX","product_codes":[],"public":true,"ramdisk_id":"","root_device_name":"/dev/sda1","root_device_type":"ebs","root_snapshot_id":"snap-07a16f1514a909aed","sriov_net_support":"simple","state":"available","state_reason":{"code":"UNSET","message":"UNSET"},"tags":{},"timeouts":null,"tpm_support":"","uefi_data":null,"usage_operation":"RunInstances","virtualization_type":"hvm"},"sensitive_attributes":[]}]},{"mode":"data","type":"aws_caller_identity","name":"current","provider":"provider[\"registry.opentofu.org/hashicorp/aws\"]","instances":[{"schema_version":0,"attributes":{"account_id":"718530841028","arn":"arn:aws:iam::718530841028:user/tuisb05","id":"718530841028","user_id":"AIDA2OS6GRHCDYZ77WFZT"},"sensitive_attributes":[]}]},{"mode":"managed","type":"aws_eip","name":"main","provider":"provider[\"registry.opentofu.org/hashicorp/aws\"]","instances":[{"schema_version":0,"attributes":{"address":null,"allocation_id":"eipalloc-01b48a32a7889ad68","arn":"arn:aws:ec2:ap-southeast-1:718530841028:elastic-ip/eipalloc-01b48a32a7889ad68","associate_with_private_ip":null,"association_id":"eipassoc-069865d9485657859","carrier_ip":"","customer_owned_ip":"","customer_owned_ipv4_pool":"","domain":"vpc","id":"eipalloc-01b48a32a7889ad68","instance":"i-07ed0ea6a4bb76359","ipam_pool_id":null,"network_border_group":"ap-southeast-1","network_interface":"eni-015f2f72dfad5a299","private_dns":"ip-10-0-1-11.ap-southeast-1.compute.internal","private_ip":"10.0.1.11","ptr_record":"","public_dns":"ec2-52-221-18-227.ap-southeast-1.compute.amazonaws.com","public_ip":"52.221.18.227","public_ipv4_pool":"amazon","tags":{},"tags_all":{"ManagedBy":"opentofu","Project":"spl-logger"},"timeouts":null,"vpc":true},"sensitive_attributes":[],"private":"eyJlMmJmYjczMC1lY2FhLTExZTYtOGY4OC0zNDM2M2JjN2M0YzAiOnsiZGVsZXRlIjoxODAwMDAwMDAwMDAsInJlYWQiOjkwMDAwMDAwMDAwMCwidXBkYXRlIjozMDAwMDAwMDAwMDB9fQ==","dependencies":["aws_iam_instance_profile.ec2_profile","aws_iam_role.ec2_role","aws_instance.main","aws_key_pair.main","aws_s3_bucket.wav","aws_security_group.ec2","aws_subnet.main","aws_vpc.main","data.aws_ami.ubuntu","data.aws_caller_identity.current","tls_private_key.main"]}]},{"mode":"managed","type":"aws_iam_instance_profile","name":"ec2_profile","provider":"provider[\"registry.opentofu.org/hashicorp/aws\"]","instances":[{"schema_version":0,"attributes":{"arn":"arn:aws:iam::718530841028:instance-profile/spl-logger-ec2-profile","create_date":"2026-04-11T16:52:50Z","id":"spl-logger-ec2-profile","name":"spl-logger-ec2-profile","name_prefix":"","path":"/","role":"spl-logger-ec2-role","tags":{},"tags_all":{"ManagedBy":"opentofu","Project":"spl-logger"},"unique_id":"AIPA2OS6GRHCFXMGEWXLN"},"sensitive_attributes":[],"private":"bnVsbA==","dependencies":["aws_iam_role.ec2_role"]}]},{"mode":"managed","type":"aws_iam_role","name":"ec2_role","provider":"provider[\"registry.opentofu.org/hashicorp/aws\"]","instances":[{"schema_version":0,"attributes":{"arn":"arn:aws:iam::718530841028:role/spl-logger-ec2-role","assume_role_policy":"{\"Statement\":[{\"Action\":\"sts:AssumeRole\",\"Effect\":\"Allow\",\"Principal\":{\"Service\":\"ec2.amazonaws.com\"}}],\"Version\":\"2012-10-17\"}","create_date":"2026-04-11T16:52:49Z","description":"","force_detach_policies":false,"id":"spl-logger-ec2-role","inline_policy":[{"name":"spl-logger-ec2-s3-recordings","policy":"{\"Version\":\"2012-10-17\",\"Statement\":[{\"Action\":[\"s3:PutObject\",\"s3:GetObject\",\"s3:ListBucket\"],\"Effect\":\"Allow\",\"Resource\":[\"arn:aws:s3:::spl-logger-audio-718530841028\",\"arn:aws:s3:::spl-logger-audio-718530841028/recordings/*\"]}]}"}],"managed_policy_arns":["arn:aws:iam::aws:policy/AmazonSSMManagedInstanceCore"],"max_session_duration":3600,"name":"spl-logger-ec2-role","name_prefix":"","path":"/","permissions_boundary":"","tags":{},"tags_all":{"ManagedBy":"opentofu","Project":"spl-logger"},"unique_id":"AROA2OS6GRHCCA57TFMN5"},"sensitive_attributes":[],"private":"bnVsbA=="}]},{"mode":"managed","type":"aws_iam_role_policy","name":"ec2_s3_recordings","provider":"provider[\"registry.opentofu.org/hashicorp/aws\"]","instances":[{"schema_version":0,"attributes":{"id":"spl-logger-ec2-role:spl-logger-ec2-s3-recordings","name":"spl-logger-ec2-s3-recordings","name_prefix":"","policy":"{\"Version\":\"2012-10-17\",\"Statement\":[{\"Action\":[\"s3:PutObject\",\"s3:GetObject\",\"s3:ListBucket\"],\"Effect\":\"Allow\",\"Resource\":[\"arn:aws:s3:::spl-logger-audio-718530841028\",\"arn:aws:s3:::spl-logger-audio-718530841028/recordings/*\"]}]}","role":"spl-logger-ec2-role"},"sensitive_attributes":[],"private":"bnVsbA==","dependencies":["aws_iam_role.ec2_role","aws_s3_bucket.wav","data.aws_caller_identity.current"]}]},{"mode":"managed","type":"aws_iam_role_policy_attachment","name":"ec2_ssm","provider":"provider[\"registry.opentofu.org/hashicorp/aws\"]","instances":[{"schema_version":0,"attributes":{"id":"spl-logger-ec2-role-20260411165250730200000002","policy_arn":"arn:aws:iam::aws:policy/AmazonSSMManagedInstanceCore","role":"spl-logger-ec2-role"},"sensitive_attributes":[],"private":"bnVsbA==","dependencies":["aws_iam_role.ec2_role"]}]},{"mode":"managed","type":"aws_instance","name":"main","provider":"provider[\"registry.opentofu.org/hashicorp/aws\"]","instances":[{"schema_version":1,"attributes":{"ami":"ami-0b63ddeab4f8a92db","arn":"arn:aws:ec2:ap-southeast-1:718530841028:instance/i-07ed0ea6a4bb76359","associate_public_ip_address":true,"availability_zone":"ap-southeast-1a","capacity_reservation_specification":[{"capacity_reservation_preference":"open","capacity_reservation_target":[]}],"cpu_core_count":1,"cpu_options":[{"amd_sev_snp":"","core_count":1,"threads_per_core":2}],"cpu_threads_per_core":2,"credit_specification":[{"cpu_credits":"unlimited"}],"disable_api_stop":false,"disable_api_termination":false,"ebs_block_device":[],"ebs_optimized":false,"enable_primary_ipv6":null,"enclave_options":[{"enabled":false}],"ephemeral_block_device":[],"get_password_data":false,"hibernation":false,"host_id":"","host_resource_group_arn":null,"iam_instance_profile":"spl-logger-ec2-profile","id":"i-07ed0ea6a4bb76359","instance_initiated_shutdown_behavior":"stop","instance_lifecycle":"","instance_market_options":[],"instance_state":"running","instance_type":"t3.small","ipv6_address_count":0,"ipv6_addresses":[],"key_name":"spl-logger-key","launch_template":[],"maintenance_options":[{"auto_recovery":"default"}],"metadata_options":[{"http_endpoint":"enabled","http_protocol_ipv6":"disabled","http_put_response_hop_limit":1,"http_tokens":"optional","instance_metadata_tags":"disabled"}],"monitoring":false,"network_interface":[],"outpost_arn":"","password_data":"","placement_group":"","placement_partition_number":0,"primary_network_interface_id":"eni-015f2f72dfad5a299","private_dns":"ip-10-0-1-11.ap-southeast-1.compute.internal","private_dns_name_options":[{"enable_resource_name_dns_a_record":false,"enable_resource_name_dns_aaaa_record":false,"hostname_type":"ip-name"}],"private_ip":"10.0.1.11","public_dns":"ec2-13-228-77-40.ap-southeast-1.compute.amazonaws.com","public_ip":"13.228.77.40","root_block_device":[{"delete_on_termination":true,"device_name":"/dev/sda1","encrypted":false,"iops":3000,"kms_key_id":"","tags":null,"tags_all":{"ManagedBy":"opentofu","Project":"spl-logger"},"throughput":125,"volume_id":"vol-0799eaca93340ed5d","volume_size":30,"volume_type":"gp3"}],"secondary_private_ips":[],"security_groups":[],"source_dest_check":true,"spot_instance_request_id":"","subnet_id":"subnet-0e23f14e97df08a6c","tags":{"Name":"spl-logger-server"},"tags_all":{"ManagedBy":"opentofu","Name":"spl-logger-server","Project":"spl-logger"},"tenancy":"default","timeouts":null,"user_data":"4738943164d45849c8658e675248120e7d4c5355","user_data_base64":null,"user_data_replace_on_change":false,"volume_tags":null,"vpc_security_group_ids":["sg-0f0fecb90afecc3d9"]},"sensitive_attributes":[[{"type":"get_attr","value":"user_data"}]],"private":"eyJlMmJmYjczMC1lY2FhLTExZTYtOGY4OC0zNDM2M2JjN2M0YzAiOnsiY3JlYXRlIjo2MDAwMDAwMDAwMDAsImRlbGV0ZSI6MTIwMDAwMDAwMDAwMCwicmVhZCI6OTAwMDAwMDAwMDAwLCJ1cGRhdGUiOjYwMDAwMDAwMDAwMH0sInNjaGVtYV92ZXJzaW9uIjoiMSJ9","dependencies":["aws_iam_instance_profile.ec2_profile","aws_iam_role.ec2_role","aws_key_pair.main","aws_s3_bucket.wav","aws_security_group.ec2","aws_subnet.main","aws_vpc.main","data.aws_ami.ubuntu","data.aws_caller_identity.current","tls_private_key.main"]}]},{"mode":"managed","type":"aws_internet_gateway","name":"main","provider":"provider[\"registry.opentofu.org/hashicorp/aws\"]","instances":[{"schema_version":0,"attributes":{"arn":"arn:aws:ec2:ap-southeast-1:718530841028:internet-gateway/igw-0b1b1c4b3f9c64de7","id":"igw-0b1b1c4b3f9c64de7","owner_id":"718530841028","tags":{"Name":"spl-logger-igw"},"tags_all":{"ManagedBy":"opentofu","Name":"spl-logger-igw","Project":"spl-logger"},"timeouts":null,"vpc_id":"vpc-09ebe5e19605c6d5c"},"sensitive_attributes":[],"private":"eyJlMmJmYjczMC1lY2FhLTExZTYtOGY4OC0zNDM2M2JjN2M0YzAiOnsiY3JlYXRlIjoxMjAwMDAwMDAwMDAwLCJkZWxldGUiOjEyMDAwMDAwMDAwMDAsInVwZGF0ZSI6MTIwMDAwMDAwMDAwMH19","dependencies":["aws_vpc.main"]}]},{"mode":"managed","type":"aws_key_pair","name":"main","provider":"provider[\"registry.opentofu.org/hashicorp/aws\"]","instances":[{"schema_version":1,"attributes":{"arn":"arn:aws:ec2:ap-southeast-1:718530841028:key-pair/spl-logger-key","fingerprint":"0c:b5:1b:87:b9:96:3a:04:b7:75:bb:1b:20:4b:81:f8","id":"spl-logger-key","key_name":"spl-logger-key","key_name_prefix":"","key_pair_id":"key-09fa3823433ab95de","key_type":"rsa","public_key":"ssh-rsa AAAAB3NzaC1yc2EAAAADAQABAAACAQDVGxXcaD17NvGfH2rtnkwnQomFQA3m7UC5Z7HuxRJ1jtozLz+JBmgeeSWx2USFWKln86+ByC6vWApY6D5KyEi2NIDRoTLq6TMMP8x3QJtufIAIMnX8exnFzwFMLmINTWzCtdFge0R4iH86YeQOPgJBmD/mBI/5SdeIei3F/0VuwbHPglBu3+4uO2/YNVKYs+Ttyo9t8xPDllU9GXCYDVXDVghSLEtMomgZ2mADp/BAOBAthRknIpIy9gVKHQIUtrCgcixG2oge/BYzxTwur1Y/TdSE1WjMOfa695wqlDRFX8Lyps6Ac71UZintVUETLH6/g0Vli84u63f17yYmpcbYrBcf4cUHHPQq6dDEimghjq4NBeeSG1GSBmh61N1GAXAEt+m780TL19WD1twIl2d8qJbcChVGqwy9pajYx/U96dj5AaKSvm40OJI+hkXZCcrjfQk6nawtoIBmFcK1LfVg6oOMVzcbnR7jvTHAOGQNrHPJyJb2umO3Zr/zUZzm+dooSmOeWw4yI3SJ6BwBgK4pcDKBTONG0qARJRpJxtBGymrk4QTckfwLKzM9bXsjbHyr/alposH34BooPdambuT6zE2Q6hF222Jkw90GWq21jhbtryIC/nfcvZpPDTy47mvSYqNoZ1MXqzjtIdepBRa9C5oErgeRQyhgQ983msKCTw==","tags":{},"tags_all":{"ManagedBy":"opentofu","Project":"spl-logger"}},"sensitive_attributes":[],"private":"eyJzY2hlbWFfdmVyc2lvbiI6IjEifQ==","dependencies":["tls_private_key.main"]}]},{"mode":"managed","type":"aws_route_table","name":"main","provider":"provider[\"registry.opentofu.org/hashicorp/aws\"]","instances":[{"schema_version":0,"attributes":{"arn":"arn:aws:ec2:ap-southeast-1:718530841028:route-table/rtb-05c655d696c528fdf","id":"rtb-05c655d696c528fdf","owner_id":"718530841028","propagating_vgws":[],"route":[{"carrier_gateway_id":"","cidr_block":"0.0.0.0/0","core_network_arn":"","destination_prefix_list_id":"","egress_only_gateway_id":"","gateway_id":"igw-0b1b1c4b3f9c64de7","ipv6_cidr_block":"","local_gateway_id":"","nat_gateway_id":"","network_interface_id":"","transit_gateway_id":"","vpc_endpoint_id":"","vpc_peering_connection_id":""}],"tags":{"Name":"spl-logger-rt"},"tags_all":{"ManagedBy":"opentofu","Name":"spl-logger-rt","Project":"spl-logger"},"timeouts":null,"vpc_id":"vpc-09ebe5e19605c6d5c"},"sensitive_attributes":[],"private":"eyJlMmJmYjczMC1lY2FhLTExZTYtOGY4OC0zNDM2M2JjN2M0YzAiOnsiY3JlYXRlIjozMDAwMDAwMDAwMDAsImRlbGV0ZSI6MzAwMDAwMDAwMDAwLCJ1cGRhdGUiOjEyMDAwMDAwMDAwMH19","dependencies":["aws_internet_gateway.main","aws_vpc.main"]}]},{"mode":"managed","type":"aws_route_table_association","name":"main","provider":"provider[\"registry.opentofu.org/hashicorp/aws\"]","instances":[{"schema_version":0,"attributes":{"gateway_id":"","id":"rtbassoc-0e27a083b70d7d8bb","route_table_id":"rtb-05c655d696c528fdf","subnet_id":"subnet-0e23f14e97df08a6c","timeouts":null},"sensitive_attributes":[],"private":"eyJlMmJmYjczMC1lY2FhLTExZTYtOGY4OC0zNDM2M2JjN2M0YzAiOnsiY3JlYXRlIjozMDAwMDAwMDAwMDAsImRlbGV0ZSI6MzAwMDAwMDAwMDAwLCJ1cGRhdGUiOjEyMDAwMDAwMDAwMH19","dependencies":["aws_internet_gateway.main","aws_route_table.main","aws_subnet.main","aws_vpc.main"]}]},{"mode":"managed","type":"aws_s3_bucket","name":"wav","provider":"provider[\"registry.opentofu.org/hashicorp/aws\"]","instances":[{"schema_version":0,"attributes":{"acceleration_status":"","acl":null,"arn":"arn:aws:s3:::spl-logger-audio-718530841028","bucket":"spl-logger-audio-718530841028","bucket_domain_name":"spl-logger-audio-718530841028.s3.amazonaws.com","bucket_prefix":"","bucket_regional_domain_name":"spl-logger-audio-718530841028.s3.ap-southeast-1.amazonaws.com","cors_rule":[],"force_destroy":false,"grant":[{"id":"e97a19bb2539f3aef5b594e44e42c30852708e01641fa3be9b92f2ae857ef605","permissions":["FULL_CONTROL"],"type":"CanonicalUser","uri":""}],"hosted_zone_id":"Z3O0J2DXBE1FTB","id":"spl-logger-audio-718530841028","lifecycle_rule":[{"abort_incomplete_multipart_upload_days":0,"enabled":true,"expiration":[{"date":"","days":90,"expired_object_delete_marker":false}],"id":"expire-recordings","noncurrent_version_expiration":[],"noncurrent_version_transition":[],"prefix":"recordings/","tags":{},"transition":[]}],"logging":[],"object_lock_configuration":[],"object_lock_enabled":false,"policy":"","region":"ap-southeast-1","replication_configuration":[],"request_payer":"BucketOwner","server_side_encryption_configuration":[{"rule":[{"apply_server_side_encryption_by_default":[{"kms_master_key_id":"","sse_algorithm":"AES256"}],"bucket_key_enabled":false}]}],"tags":{},"tags_all":{"ManagedBy":"opentofu","Project":"spl-logger"},"timeouts":null,"versioning":[{"enabled":false,"mfa_delete":false}],"website":[],"website_domain":null,"website_endpoint":null},"sensitive_attributes":[],"private":"eyJlMmJmYjczMC1lY2FhLTExZTYtOGY4OC0zNDM2M2JjN2M0YzAiOnsiY3JlYXRlIjoxMjAwMDAwMDAwMDAwLCJkZWxldGUiOjM2MDAwMDAwMDAwMDAsInJlYWQiOjEyMDAwMDAwMDAwMDAsInVwZGF0ZSI6MTIwMDAwMDAwMDAwMH19","dependencies":["data.aws_caller_identity.current"]}]},{"mode":"managed","type":"aws_s3_bucket_lifecycle_configuration","name":"wav","provider":"provider[\"registry.opentofu.org/hashicorp/aws\"]","instances":[{"schema_version":1,"attributes":{"bucket":"spl-logger-audio-718530841028","expected_bucket_owner":"","id":"spl-logger-audio-718530841028","rule":[{"abort_incomplete_multipart_upload":[],"expiration":[{"date":null,"days":90,"expired_object_delete_marker":false}],"filter":[{"and":[],"object_size_greater_than":null,"object_size_less_than":null,"prefix":"recordings/","tag":[]}],"id":"expire-recordings","noncurrent_version_expiration":[],"noncurrent_version_transition":[],"prefix":"","status":"Enabled","transition":[]}],"timeouts":null,"transition_default_minimum_object_size":"all_storage_classes_128K"},"sensitive_attributes":[],"dependencies":["aws_s3_bucket.wav","data.aws_caller_identity.current"]}]},{"mode":"managed","type":"aws_s3_bucket_public_access_block","name":"wav","provider":"provider[\"registry.opentofu.org/hashicorp/aws\"]","instances":[{"schema_version":0,"attributes":{"block_public_acls":true,"block_public_policy":true,"bucket":"spl-logger-audio-718530841028","id":"spl-logger-audio-718530841028","ignore_public_acls":true,"restrict_public_buckets":true},"sensitive_attributes":[],"private":"bnVsbA==","dependencies":["aws_s3_bucket.wav","data.aws_caller_identity.current"]}]},{"mode":"managed","type":"aws_security_group","name":"ec2","provider":"provider[\"registry.opentofu.org/hashicorp/aws\"]","instances":[{"schema_version":1,"attributes":{"arn":"arn:aws:ec2:ap-southeast-1:718530841028:security-group/sg-0f0fecb90afecc3d9","description":"SPL Logger EC2: SSH, InfluxDB, Grafana","egress":[{"cidr_blocks":["0.0.0.0/0"],"description":"","from_port":0,"ipv6_cidr_blocks":[],"prefix_list_ids":[],"protocol":"-1","security_groups":[],"self":false,"to_port":0}],"id":"sg-0f0fecb90afecc3d9","ingress":[{"cidr_blocks":["0.0.0.0/0"],"description":"Grafana","from_port":3000,"ipv6_cidr_blocks":[],"prefix_list_ids":[],"protocol":"tcp","security_groups":[],"self":false,"to_port":3000},{"cidr_blocks":["0.0.0.0/0"],"description":"InfluxDB","from_port":8086,"ipv6_cidr_blocks":[],"prefix_list_ids":[],"protocol":"tcp","security_groups":[],"self":false,"to_port":8086},{"cidr_blocks":["0.0.0.0/0"],"description":"SSH","from_port":22,"ipv6_cidr_blocks":[],"prefix_list_ids":[],"protocol":"tcp","security_groups":[],"self":false,"to_port":22},{"cidr_blocks":["0.0.0.0/0"],"description":"TCP Audio Stream","from_port":5001,"ipv6_cidr_blocks":[],"prefix_list_ids":[],"protocol":"tcp","security_groups":[],"self":false,"to_port":5001},{"cidr_blocks":["0.0.0.0/0"],"description":"WebSocket Audio Player","from_port":5002,"ipv6_cidr_blocks":[],"prefix_list_ids":[],"protocol":"tcp","security_groups":[],"self":false,"to_port":5002}],"name":"spl-logger-ec2-sg","name_prefix":"","owner_id":"718530841028","revoke_rules_on_delete":false,"tags":{},"tags_all":{"ManagedBy":"opentofu","Project":"spl-logger"},"timeouts":null,"vpc_id":"vpc-09ebe5e19605c6d5c"},"sensitive_attributes":[],"private":"eyJlMmJmYjczMC1lY2FhLTExZTYtOGY4OC0zNDM2M2JjN2M0YzAiOnsiY3JlYXRlIjo2MDAwMDAwMDAwMDAsImRlbGV0ZSI6OTAwMDAwMDAwMDAwfSwic2NoZW1hX3ZlcnNpb24iOiIxIn0=","dependencies":["aws_vpc.main"]}]},{"mode":"managed","type":"aws_subnet","name":"main","provider":"provider[\"registry.opentofu.org/hashicorp/aws\"]","instances":[{"schema_version":1,"attributes":{"arn":"arn:aws:ec2:ap-southeast-1:718530841028:subnet/subnet-0e23f14e97df08a6c","assign_ipv6_address_on_creation":false,"availability_zone":"ap-southeast-1a","availability_zone_id":"apse1-az2","cidr_block":"10.0.1.0/24","customer_owned_ipv4_pool":"","enable_dns64":false,"enable_lni_at_device_index":0,"enable_resource_name_dns_a_record_on_launch":false,"enable_resource_name_dns_aaaa_record_on_launch":false,"id":"subnet-0e23f14e97df08a6c","ipv6_cidr_block":"","ipv6_cidr_block_association_id":"","ipv6_native":false,"map_customer_owned_ip_on_launch":false,"map_public_ip_on_launch":true,"outpost_arn":"","owner_id":"718530841028","private_dns_hostname_type_on_launch":"ip-name","tags":{"Name":"spl-logger-subnet"},"tags_all":{"ManagedBy":"opentofu","Name":"spl-logger-subnet","Project":"spl-logger"},"timeouts":null,"vpc_id":"vpc-09ebe5e19605c6d5c"},"sensitive_attributes":[],"private":"eyJlMmJmYjczMC1lY2FhLTExZTYtOGY4OC0zNDM2M2JjN2M0YzAiOnsiY3JlYXRlIjo2MDAwMDAwMDAwMDAsImRlbGV0ZSI6MTIwMDAwMDAwMDAwMH0sInNjaGVtYV92ZXJzaW9uIjoiMSJ9","dependencies":["aws_vpc.main"]}]},{"mode":"managed","type":"aws_vpc","name":"main","provider":"provider[\"registry.opentofu.org/hashicorp/aws\"]","instances":[{"schema_version":1,"attributes":{"arn":"arn:aws:ec2:ap-southeast-1:718530841028:vpc/vpc-09ebe5e19605c6d5c","assign_generated_ipv6_cidr_block":false,"cidr_block":"10.0.0.0/16","default_network_acl_id":"acl-028034fdf586a5d0d","default_route_table_id":"rtb-08589755c773f96b1","default_security_group_id":"sg-0c975e46c3ac24bd6","dhcp_options_id":"dopt-0ba226cb168e7aa67","enable_dns_hostnames":true,"enable_dns_support":true,"enable_network_address_usage_metrics":false,"id":"vpc-09ebe5e19605c6d5c","instance_tenancy":"default","ipv4_ipam_pool_id":null,"ipv4_netmask_length":null,"ipv6_association_id":"","ipv6_cidr_block":"","ipv6_cidr_block_network_border_group":"","ipv6_ipam_pool_id":"","ipv6_netmask_length":0,"main_route_table_id":"rtb-08589755c773f96b1","owner_id":"718530841028","tags":{"Name":"spl-logger-vpc"},"tags_all":{"ManagedBy":"opentofu","Name":"spl-logger-vpc","Project":"spl-logger"}},"sensitive_attributes":[],"private":"eyJzY2hlbWFfdmVyc2lvbiI6IjEifQ=="}]},{"mode":"managed","type":"local_sensitive_file","name":"private_key","provider":"provider[\"registry.opentofu.org/hashicorp/local\"]","instances":[{"schema_version":0,"attributes":{"content":"-----BEGIN RSA PRIVATE KEY-----\nMIIJKAIBAAKCAgEA1RsV3Gg9ezbxnx9q7Z5MJ0KJhUAN5u1AuWex7sUSdY7aMy8/\niQZoHnklsdlEhVipZ/Ovgcgur1gKWOg+SshItjSA0aEy6ukzDD/Md0CbbnyACDJ1\n/HsZxc8BTC5iDU1swrXRYHtEeIh/OmHkDj4CQZg/5gSP+UnXiHotxf9FbsGxz4JQ\nbt/uLjtv2DVSmLPk7cqPbfMTw5ZVPRlwmA1Vw1YIUixLTKJoGdpgA6fwQDgQLYUZ\nJyKSMvYFSh0CFLawoHIsRtqIHvwWM8U8Lq9WP03UhNVozDn2uvecKpQ0RV/C8qbO\ngHO9VGYp7VVBEyx+v4NFZYvOLut39e8mJqXG2KwXH+HFBxz0KunQxIpoIY6uDQXn\nkhtRkgZoetTdRgFwBLfpu/NEy9fVg9bcCJdnfKiW3AoVRqsMvaWo2Mf1PenY+QGi\nkr5uNDiSPoZF2QnK430JOp2sLaCAZhXCtS31YOqDjFc3G50e470xwDhkDaxzyciW\n9rpjt2a/81Gc5vnaKEpjnlsOMiN0iegcAYCuKXAygUzjRtKgESUaScbQRspq5OEE\n3JH8CyszPW17I2x8q/2paaLB9+AaKD3Wpm7k+sxNkOoRdttiZMPdBlqttY4W7a8i\nAv533L2aTw08uO5r0mKjaGdTF6s47SHXqQUWvQuaBK4HkUMoYEPfN5rCgk8CAwEA\nAQKCAgBC5glTUz/1tbZdQxIgvSBf9MHSHF0g4NsAOR7A+4nDcNBr4Am8fM/jvRlJ\nvxCFIeOwd+3hOpP5RJSe+21OsZgt5saHyGiBGSsGzeJkj1ob8aaJrDmgxI4/LDBW\nl3r9fRBHAafUd23zvrnd/IwIsounxuFMVqNR2U35kI1dCjlkPxcQMvMIE3Ekf1Ep\nmPewa0zTH1Mua3AJZuCkWR+hBBKnyxK6pSAQUy2F7ClXDHnd1xuxBobyY6ZsrBHW\nBcw47278N0tSBNlVjMJ1hxXQ/AcBwW+VMZ9/+TRM1l1menb8TkcXQKkz5uGJJLdF\nw401tTKm8VEwQxa7YP0cLfKWkFUe7hxi4wb99XRcjw6ypAJvwochEN3rH/QBox+l\nlYkz44cqgaJ79yJ+gkxnZr0gT05FcsUZ/Wdyuydk8QA8eduAPNyMEHGMeXrswuo/\n4pljSZsavkCpDpOe6ZQbyj3dQxnaWhovBVYkjG/MWCNgWo70wDvCP8hJIicFHNUD\nMJMwwCk2HhS0qrstoiyP6jG3OM6EBRmC4L1v8y5z2zKnXLxO7YpSb2jzTXkkNtNY\nms3HFyQW06/HWH6VQpI6viy8rdSiZuKcZXFOYFrC5631rO3gFoGtaEgliLuAH/rY\nsSdODMd87K0LFfajyxvl90BuXxIkDPN13BA66bD/pEdg0+cVbQKCAQEA5IokXnOc\nP1O3qjwdE7yNhQwuIZNGPj6xsO6Awbwqb3TJeZyiUJHs70yaj7MJozudM5rucaXW\nbeG0y9MMKjch6lpAzOhR6x8qWGrDgHnIgDPNiyzd0oYnMjo4JtDeQ7tXWBTd9gB4\niRH+EYlRi92AR2YZMfQqfhA4Xuf6X0+Q26RFkZHuqlHdhNpUXg8Wm0hM2j65z+pG\nqUB3JQMo09e/CHj5MN1R2zPcLQQytrYcGuKJIATJasowMav0bgeJrRv9ThoOSDTK\n10pmLW/vm5ksVY3KPGFomEkepfrPleBOEiGK8jhOLBSQOhBfgNOb0vC/3ovC7uX3\nmG+zJyOocI/XBQKCAQEA7rYzWL0rYACl+Vq1wIHVkFzCkKYl04pl9BevfOrzG7uo\noknesM9O0AKnJy/gW1lsmxWjg8yOLQ135sezkR6JZODqegDs47diWUN/tzJBdtPC\ntstOI4STKSh92gUAgboz7d7mCBsO4QEMOGgGxirK2WwNjqWfmkn8f0cu5ipOBPOH\nYqIuazlEocKxI/ia5521eBnEwo6qO9JaKjd2Kuz8ubkhVxsu4MKAPCM9h7LRvUiC\nXr1n9A3IWfQrCMYy18GCSu3LNnZY/J6wVUZ3jLJ1ZOLa3hyN6430EjK61sTrRfBH\n+N7tOWy70YwV3IOkeu2wMFcuuH3ff8GTPuBjxzUMQwKCAQAfBoXzcJx4mGPpr2l/\nIWzQ8BtfIYA6uQYkb+x44JOeN+uWH+aFK5pPzkV5VqPrTg+ETvcp5IqctjR2KzuO\ni5eGGiSL7MoaMkvsXuoVifLnPKEd0MR4bQ/rKK4wztAtv8QWyBZt7Bhw+0lTliHE\n7BgbGUg4WN5f6NHOSI3b3JBc0QtEvNv6sUxyWbV0Y3X9NK6CPlu5VyOqnH7QPoKP\nZ82eV9X0hUc0i/DLB7PezBA6siBNgXjaj4JFbAOt4EYXgyI7NRxVPx1+ZrJCXtzX\ncc7r+mjHE65AZkTL4aXGwgG3Qmh7g5tRLqV5zHk6ov+Xfml9y9l11zBquFdI6/VU\n+qIFAoIBABMHIwCn05VLd+9wc5xsvQFM45V0KP+7wHS8jph+gfJr+v00tjOR0s5x\n57EP9+pQLoAOMYKIA61DrZMPyBiBPqJz6zzeZgOg0o4a+0s3DlDSgGrhudDK+JAH\nUkDWtTuiBBGp+twajA0TcE3uvNt+/bxnCI2eViKOUzoyCmL+bEmov9n0445YekgK\npOQhJPfhcl2ocC6yAI/ULKvA0AKL8Xk8cJPo7surtV0V0gnHD0DvTrUOlAK4Nog1\nFlkUs2jPW/ttCQ3GUUGRxKyHeXAVqZXpH1klHYrxPctVj98ew0JH7PTBkFdLe40w\nhW2WcL37xFeWG3tJTU95tqsEZ++xItECggEBAOBW20YPNXAFo+dnDqzTalbhdzxU\nW7ldOGpHqk6+Ltt8VrBCrguXtgwz9VkVnEDeBKL+vpsNtOFJAETvkRMOqQFyOXMS\nDKBAavm+8Gg0RVnHHUHaxHLDgbubQ5C3Cr78/Gw3TzSjjJm+z0fEmv2PRv/aP+3g\n9eN9r97tt7kYn8epA33qNfWwhywMGKJwprm5jxPYOFrsNlJDdhLgpPDGFlWDC+8f\nLMeD0An2HWT3WpAXdmsmTdAzjSecNVfHCH8fLzwUe3h9pWXxeGl9zJxa7eYhE8IE\neiKVTtDCzJO1JVkI0niapMGE9WB28em7n5KFjwX5MXncNHLSRTnMERFYLEI=\n-----END RSA PRIVATE KEY-----\n","content_base64":null,"content_base64sha256":"Y0SJxYl5GcITtVuKiE01todX99qfWqnVL10xe3abcsQ=","content_base64sha512":"3Sfop9qIeJMLtJN+N3xUjY9zK5iJ7fOsr+JubRY5ICQbALCcESCMtigQuYgZXfkdTj9YswIpjHty0trTkkRrIQ==","content_md5":"77967100e4e096f4820e403798bc9195","content_sha1":"590495cd6b2b2e86e3a56a0068f4f722b42254f8","content_sha256":"634489c5897919c213b55b8a884d35b68757f7da9f5aa9d52f5d317b769b72c4","content_sha512":"dd27e8a7da8878930bb4937e377c548d8f732b9889edf3acafe26e6d163920241b00b09c11208cb62810b988195df91d4e3f58b302298c7b72d2dad392446b21","directory_permission":"0700","file_permission":"0600","filename":"./spl-logger-key.pem","id":"590495cd6b2b2e86e3a56a0068f4f722b42254f8","source":null},"sensitive_attributes":[[{"type":"get_attr","value":"content"}],[{"type":"get_attr","value":"content_base64"}]],"dependencies":["tls_private_key.main"]}]},{"mode":"managed","type":"null_resource","name":"audio_server_deploy","provider":"provider[\"registry.opentofu.org/hashicorp/null\"]","instances":[{"schema_version":0,"attributes":{"id":"5377459921566555225","triggers":{"instance_id":"i-07ed0ea6a4bb76359","player_html_hash":"03e726405698a6d556b6611a100fc12c411f02b25ed70ae03d938cecff654455","server_py_hash":"c943d089efb19d5316390c14fce9e4be9f12aa5bc228ee35f825e4492a7cfe2b","service_hash":"67eba86dc0b1647c2bb1be7753b80343ac1a034a6a19b8afa8b764a258b398e2"}},"sensitive_attributes":[],"dependencies":["aws_eip.main","aws_iam_instance_profile.ec2_profile","aws_iam_role.ec2_role","aws_instance.main","aws_key_pair.main","aws_s3_bucket.wav","aws_security_group.ec2","aws_subnet.main","aws_vpc.main","data.aws_ami.ubuntu","data.aws_caller_identity.current","tls_private_key.main"]}]},{"mode":"managed","type":"tls_private_key","name":"main","provider":"provider[\"registry.opentofu.org/hashicorp/tls\"]","instances":[{"schema_version":1,"attributes":{"algorithm":"RSA","ecdsa_curve":"P224","id":"9aca53f25167fa7be29e25ccf2352455853fc810","private_key_openssh":"-----BEGIN OPENSSH PRIVATE KEY-----\nb3BlbnNzaC1rZXktdjEAAAAABG5vbmUAAAAEbm9uZQAAAAAAAAABAAACFwAAAAdz\nc2gtcnNhAAAAAwEAAQAAAgEA1RsV3Gg9ezbxnx9q7Z5MJ0KJhUAN5u1AuWex7sUS\ndY7aMy8/iQZoHnklsdlEhVipZ/Ovgcgur1gKWOg+SshItjSA0aEy6ukzDD/Md0Cb\nbnyACDJ1/HsZxc8BTC5iDU1swrXRYHtEeIh/OmHkDj4CQZg/5gSP+UnXiHotxf9F\nbsGxz4JQbt/uLjtv2DVSmLPk7cqPbfMTw5ZVPRlwmA1Vw1YIUixLTKJoGdpgA6fw\nQDgQLYUZJyKSMvYFSh0CFLawoHIsRtqIHvwWM8U8Lq9WP03UhNVozDn2uvecKpQ0\nRV/C8qbOgHO9VGYp7VVBEyx+v4NFZYvOLut39e8mJqXG2KwXH+HFBxz0KunQxIpo\nIY6uDQXnkhtRkgZoetTdRgFwBLfpu/NEy9fVg9bcCJdnfKiW3AoVRqsMvaWo2Mf1\nPenY+QGikr5uNDiSPoZF2QnK430JOp2sLaCAZhXCtS31YOqDjFc3G50e470xwDhk\nDaxzyciW9rpjt2a/81Gc5vnaKEpjnlsOMiN0iegcAYCuKXAygUzjRtKgESUaScbQ\nRspq5OEE3JH8CyszPW17I2x8q/2paaLB9+AaKD3Wpm7k+sxNkOoRdttiZMPdBlqt\ntY4W7a8iAv533L2aTw08uO5r0mKjaGdTF6s47SHXqQUWvQuaBK4HkUMoYEPfN5rC\ngk8AAAc4+d1rGfndaxkAAAAHc3NoLXJzYQAAAgEA1RsV3Gg9ezbxnx9q7Z5MJ0KJ\nhUAN5u1AuWex7sUSdY7aMy8/iQZoHnklsdlEhVipZ/Ovgcgur1gKWOg+SshItjSA\n0aEy6ukzDD/Md0CbbnyACDJ1/HsZxc8BTC5iDU1swrXRYHtEeIh/OmHkDj4CQZg/\n5gSP+UnXiHotxf9FbsGxz4JQbt/uLjtv2DVSmLPk7cqPbfMTw5ZVPRlwmA1Vw1YI\nUixLTKJoGdpgA6fwQDgQLYUZJyKSMvYFSh0CFLawoHIsRtqIHvwWM8U8Lq9WP03U\nhNVozDn2uvecKpQ0RV/C8qbOgHO9VGYp7VVBEyx+v4NFZYvOLut39e8mJqXG2KwX\nH+HFBxz0KunQxIpoIY6uDQXnkhtRkgZoetTdRgFwBLfpu/NEy9fVg9bcCJdnfKiW\n3AoVRqsMvaWo2Mf1PenY+QGikr5uNDiSPoZF2QnK430JOp2sLaCAZhXCtS31YOqD\njFc3G50e470xwDhkDaxzyciW9rpjt2a/81Gc5vnaKEpjnlsOMiN0iegcAYCuKXAy\ngUzjRtKgESUaScbQRspq5OEE3JH8CyszPW17I2x8q/2paaLB9+AaKD3Wpm7k+sxN\nkOoRdttiZMPdBlqttY4W7a8iAv533L2aTw08uO5r0mKjaGdTF6s47SHXqQUWvQua\nBK4HkUMoYEPfN5rCgk8AAAADAQABAAACAELmCVNTP/W1tl1DEiC9IF/0wdIcXSDg\n2wA5HsD7icNw0GvgCbx8z+O9GUm/EIUh47B37eE6k/lElJ77bU6xmC3mxofIaIEZ\nKwbN4mSPWhvxpomsOaDEjj8sMFaXev19EEcBp9R3bfO+ud38jAiyi6fG4UxWo1HZ\nTfmQjV0KOWQ/FxAy8wgTcSR/USmY97BrTNMfUy5rcAlm4KRZH6EEEqfLErqlIBBT\nLYXsKVcMed3XG7EGhvJjpmysEdYFzDjvbvw3S1IE2VWMwnWHFdD8BwHBb5Uxn3/5\nNEzWXWZ6dvxORxdAqTPm4Ykkt0XDjTW1MqbxUTBDFrtg/Rwt8paQVR7uHGLjBv31\ndFyPDrKkAm/ChyEQ3esf9AGjH6WViTPjhyqBonv3In6CTGdmvSBPTkVyxRn9Z3K7\nJ2TxADx524A83IwQcYx5euzC6j/imWNJmxq+QKkOk57plBvKPd1DGdpaGi8FViSM\nb8xYI2BajvTAO8I/yEkiJwUc1QMwkzDAKTYeFLSquy2iLI/qMbc4zoQFGYLgvW/z\nLnPbMqdcvE7tilJvaPNNeSQ201iazccXJBbTr8dYfpVCkjq+LLyt1KJm4pxlcU5g\nWsLnrfWs7eAWga1oSCWIu4Af+tixJ04Mx3zsrQsV9qPLG+X3QG5fEiQM83XcEDrp\nsP+kR2DT5xVtAAABAQDgVttGDzVwBaPnZw6s02pW4Xc8VFu5XThqR6pOvi7bfFaw\nQq4Ll7YMM/VZFZxA3gSi/r6bDbThSQBE75ETDqkBcjlzEgygQGr5vvBoNEVZxx1B\n2sRyw4G7m0OQtwq+/PxsN080o4yZvs9HxJr9j0b/2j/t4PXjfa/e7be5GJ/HqQN9\n6jX1sIcsDBiicKa5uY8T2Dha7DZSQ3YS4KTwxhZVgwvvHyzHg9AJ9h1k91qQF3Zr\nJk3QM40nnDVXxwh/Hy88FHt4faVl8XhpfcycWu3mIRPCBHoilU7QwsyTtSVZCNJ4\nmqTBhPVgdvHpu5+ShY8F+TF53DRy0kU5zBERWCxCAAABAQDkiiRec5w/U7eqPB0T\nvI2FDC4hk0Y+PrGw7oDBvCpvdMl5nKJQkezvTJqPswmjO50zmu5xpdZt4bTL0wwq\nNyHqWkDM6FHrHypYasOAeciAM82LLN3ShicyOjgm0N5Du1dYFN32AHiJEf4RiVGL\n3YBHZhkx9Cp+EDhe5/pfT5DbpEWRke6qUd2E2lReDxabSEzaPrnP6kapQHclAyjT\n178IePkw3VHbM9wtBDK2thwa4okgBMlqyjAxq/RuB4mtG/1OGg5INMrXSmYtb++b\nmSxVjco8YWiYSR6l+s+V4E4SIYryOE4sFJA6EF+A05vS8L/ei8Lu5feYb7MnI6hw\nj9cFAAABAQDutjNYvStgAKX5WrXAgdWQXMKQpiXTimX0F6986vMbu6iiSd6wz07Q\nAqcnL+BbWWybFaODzI4tDXfmx7ORHolk4Op6AOzjt2JZQ3+3MkF208K2y04jhJMp\nKH3aBQCBujPt3uYIGw7hAQw4aAbGKsrZbA2OpZ+aSfx/Ry7mKk4E84dioi5rOUSh\nwrEj+JrnnbV4GcTCjqo70loqN3Yq7Py5uSFXGy7gwoA8Iz2HstG9SIJevWf0DchZ\n9CsIxjLXwYJK7cs2dlj8nrBVRneMsnVk4treHI3rjfQSMrrWxOtF8Ef43u05bLvR\njBXcg6R67bAwVy64fd9/wZM+4GPHNQxDAAAAAAEC\n-----END OPENSSH PRIVATE KEY-----\n","private_key_pem":"-----BEGIN RSA PRIVATE KEY-----\nMIIJKAIBAAKCAgEA1RsV3Gg9ezbxnx9q7Z5MJ0KJhUAN5u1AuWex7sUSdY7aMy8/\niQZoHnklsdlEhVipZ/Ovgcgur1gKWOg+SshItjSA0aEy6ukzDD/Md0CbbnyACDJ1\n/HsZxc8BTC5iDU1swrXRYHtEeIh/OmHkDj4CQZg/5gSP+UnXiHotxf9FbsGxz4JQ\nbt/uLjtv2DVSmLPk7cqPbfMTw5ZVPRlwmA1Vw1YIUixLTKJoGdpgA6fwQDgQLYUZ\nJyKSMvYFSh0CFLawoHIsRtqIHvwWM8U8Lq9WP03UhNVozDn2uvecKpQ0RV/C8qbO\ngHO9VGYp7VVBEyx+v4NFZYvOLut39e8mJqXG2KwXH+HFBxz0KunQxIpoIY6uDQXn\nkhtRkgZoetTdRgFwBLfpu/NEy9fVg9bcCJdnfKiW3AoVRqsMvaWo2Mf1PenY+QGi\nkr5uNDiSPoZF2QnK430JOp2sLaCAZhXCtS31YOqDjFc3G50e470xwDhkDaxzyciW\n9rpjt2a/81Gc5vnaKEpjnlsOMiN0iegcAYCuKXAygUzjRtKgESUaScbQRspq5OEE\n3JH8CyszPW17I2x8q/2paaLB9+AaKD3Wpm7k+sxNkOoRdttiZMPdBlqttY4W7a8i\nAv533L2aTw08uO5r0mKjaGdTF6s47SHXqQUWvQuaBK4HkUMoYEPfN5rCgk8CAwEA\nAQKCAgBC5glTUz/1tbZdQxIgvSBf9MHSHF0g4NsAOR7A+4nDcNBr4Am8fM/jvRlJ\nvxCFIeOwd+3hOpP5RJSe+21OsZgt5saHyGiBGSsGzeJkj1ob8aaJrDmgxI4/LDBW\nl3r9fRBHAafUd23zvrnd/IwIsounxuFMVqNR2U35kI1dCjlkPxcQMvMIE3Ekf1Ep\nmPewa0zTH1Mua3AJZuCkWR+hBBKnyxK6pSAQUy2F7ClXDHnd1xuxBobyY6ZsrBHW\nBcw47278N0tSBNlVjMJ1hxXQ/AcBwW+VMZ9/+TRM1l1menb8TkcXQKkz5uGJJLdF\nw401tTKm8VEwQxa7YP0cLfKWkFUe7hxi4wb99XRcjw6ypAJvwochEN3rH/QBox+l\nlYkz44cqgaJ79yJ+gkxnZr0gT05FcsUZ/Wdyuydk8QA8eduAPNyMEHGMeXrswuo/\n4pljSZsavkCpDpOe6ZQbyj3dQxnaWhovBVYkjG/MWCNgWo70wDvCP8hJIicFHNUD\nMJMwwCk2HhS0qrstoiyP6jG3OM6EBRmC4L1v8y5z2zKnXLxO7YpSb2jzTXkkNtNY\nms3HFyQW06/HWH6VQpI6viy8rdSiZuKcZXFOYFrC5631rO3gFoGtaEgliLuAH/rY\nsSdODMd87K0LFfajyxvl90BuXxIkDPN13BA66bD/pEdg0+cVbQKCAQEA5IokXnOc\nP1O3qjwdE7yNhQwuIZNGPj6xsO6Awbwqb3TJeZyiUJHs70yaj7MJozudM5rucaXW\nbeG0y9MMKjch6lpAzOhR6x8qWGrDgHnIgDPNiyzd0oYnMjo4JtDeQ7tXWBTd9gB4\niRH+EYlRi92AR2YZMfQqfhA4Xuf6X0+Q26RFkZHuqlHdhNpUXg8Wm0hM2j65z+pG\nqUB3JQMo09e/CHj5MN1R2zPcLQQytrYcGuKJIATJasowMav0bgeJrRv9ThoOSDTK\n10pmLW/vm5ksVY3KPGFomEkepfrPleBOEiGK8jhOLBSQOhBfgNOb0vC/3ovC7uX3\nmG+zJyOocI/XBQKCAQEA7rYzWL0rYACl+Vq1wIHVkFzCkKYl04pl9BevfOrzG7uo\noknesM9O0AKnJy/gW1lsmxWjg8yOLQ135sezkR6JZODqegDs47diWUN/tzJBdtPC\ntstOI4STKSh92gUAgboz7d7mCBsO4QEMOGgGxirK2WwNjqWfmkn8f0cu5ipOBPOH\nYqIuazlEocKxI/ia5521eBnEwo6qO9JaKjd2Kuz8ubkhVxsu4MKAPCM9h7LRvUiC\nXr1n9A3IWfQrCMYy18GCSu3LNnZY/J6wVUZ3jLJ1ZOLa3hyN6430EjK61sTrRfBH\n+N7tOWy70YwV3IOkeu2wMFcuuH3ff8GTPuBjxzUMQwKCAQAfBoXzcJx4mGPpr2l/\nIWzQ8BtfIYA6uQYkb+x44JOeN+uWH+aFK5pPzkV5VqPrTg+ETvcp5IqctjR2KzuO\ni5eGGiSL7MoaMkvsXuoVifLnPKEd0MR4bQ/rKK4wztAtv8QWyBZt7Bhw+0lTliHE\n7BgbGUg4WN5f6NHOSI3b3JBc0QtEvNv6sUxyWbV0Y3X9NK6CPlu5VyOqnH7QPoKP\nZ82eV9X0hUc0i/DLB7PezBA6siBNgXjaj4JFbAOt4EYXgyI7NRxVPx1+ZrJCXtzX\ncc7r+mjHE65AZkTL4aXGwgG3Qmh7g5tRLqV5zHk6ov+Xfml9y9l11zBquFdI6/VU\n+qIFAoIBABMHIwCn05VLd+9wc5xsvQFM45V0KP+7wHS8jph+gfJr+v00tjOR0s5x\n57EP9+pQLoAOMYKIA61DrZMPyBiBPqJz6zzeZgOg0o4a+0s3DlDSgGrhudDK+JAH\nUkDWtTuiBBGp+twajA0TcE3uvNt+/bxnCI2eViKOUzoyCmL+bEmov9n0445YekgK\npOQhJPfhcl2ocC6yAI/ULKvA0AKL8Xk8cJPo7surtV0V0gnHD0DvTrUOlAK4Nog1\nFlkUs2jPW/ttCQ3GUUGRxKyHeXAVqZXpH1klHYrxPctVj98ew0JH7PTBkFdLe40w\nhW2WcL37xFeWG3tJTU95tqsEZ++xItECggEBAOBW20YPNXAFo+dnDqzTalbhdzxU\nW7ldOGpHqk6+Ltt8VrBCrguXtgwz9VkVnEDeBKL+vpsNtOFJAETvkRMOqQFyOXMS\nDKBAavm+8Gg0RVnHHUHaxHLDgbubQ5C3Cr78/Gw3TzSjjJm+z0fEmv2PRv/aP+3g\n9eN9r97tt7kYn8epA33qNfWwhywMGKJwprm5jxPYOFrsNlJDdhLgpPDGFlWDC+8f\nLMeD0An2HWT3WpAXdmsmTdAzjSecNVfHCH8fLzwUe3h9pWXxeGl9zJxa7eYhE8IE\neiKVTtDCzJO1JVkI0niapMGE9WB28em7n5KFjwX5MXncNHLSRTnMERFYLEI=\n-----END RSA PRIVATE KEY-----\n","private_key_pem_pkcs8":"-----BEGIN PRIVATE KEY-----\nMIIJQgIBADANBgkqhkiG9w0BAQEFAASCCSwwggkoAgEAAoICAQDVGxXcaD17NvGf\nH2rtnkwnQomFQA3m7UC5Z7HuxRJ1jtozLz+JBmgeeSWx2USFWKln86+ByC6vWApY\n6D5KyEi2NIDRoTLq6TMMP8x3QJtufIAIMnX8exnFzwFMLmINTWzCtdFge0R4iH86\nYeQOPgJBmD/mBI/5SdeIei3F/0VuwbHPglBu3+4uO2/YNVKYs+Ttyo9t8xPDllU9\nGXCYDVXDVghSLEtMomgZ2mADp/BAOBAthRknIpIy9gVKHQIUtrCgcixG2oge/BYz\nxTwur1Y/TdSE1WjMOfa695wqlDRFX8Lyps6Ac71UZintVUETLH6/g0Vli84u63f1\n7yYmpcbYrBcf4cUHHPQq6dDEimghjq4NBeeSG1GSBmh61N1GAXAEt+m780TL19WD\n1twIl2d8qJbcChVGqwy9pajYx/U96dj5AaKSvm40OJI+hkXZCcrjfQk6nawtoIBm\nFcK1LfVg6oOMVzcbnR7jvTHAOGQNrHPJyJb2umO3Zr/zUZzm+dooSmOeWw4yI3SJ\n6BwBgK4pcDKBTONG0qARJRpJxtBGymrk4QTckfwLKzM9bXsjbHyr/alposH34Boo\nPdambuT6zE2Q6hF222Jkw90GWq21jhbtryIC/nfcvZpPDTy47mvSYqNoZ1MXqzjt\nIdepBRa9C5oErgeRQyhgQ983msKCTwIDAQABAoICAELmCVNTP/W1tl1DEiC9IF/0\nwdIcXSDg2wA5HsD7icNw0GvgCbx8z+O9GUm/EIUh47B37eE6k/lElJ77bU6xmC3m\nxofIaIEZKwbN4mSPWhvxpomsOaDEjj8sMFaXev19EEcBp9R3bfO+ud38jAiyi6fG\n4UxWo1HZTfmQjV0KOWQ/FxAy8wgTcSR/USmY97BrTNMfUy5rcAlm4KRZH6EEEqfL\nErqlIBBTLYXsKVcMed3XG7EGhvJjpmysEdYFzDjvbvw3S1IE2VWMwnWHFdD8BwHB\nb5Uxn3/5NEzWXWZ6dvxORxdAqTPm4Ykkt0XDjTW1MqbxUTBDFrtg/Rwt8paQVR7u\nHGLjBv31dFyPDrKkAm/ChyEQ3esf9AGjH6WViTPjhyqBonv3In6CTGdmvSBPTkVy\nxRn9Z3K7J2TxADx524A83IwQcYx5euzC6j/imWNJmxq+QKkOk57plBvKPd1DGdpa\nGi8FViSMb8xYI2BajvTAO8I/yEkiJwUc1QMwkzDAKTYeFLSquy2iLI/qMbc4zoQF\nGYLgvW/zLnPbMqdcvE7tilJvaPNNeSQ201iazccXJBbTr8dYfpVCkjq+LLyt1KJm\n4pxlcU5gWsLnrfWs7eAWga1oSCWIu4Af+tixJ04Mx3zsrQsV9qPLG+X3QG5fEiQM\n83XcEDrpsP+kR2DT5xVtAoIBAQDkiiRec5w/U7eqPB0TvI2FDC4hk0Y+PrGw7oDB\nvCpvdMl5nKJQkezvTJqPswmjO50zmu5xpdZt4bTL0wwqNyHqWkDM6FHrHypYasOA\neciAM82LLN3ShicyOjgm0N5Du1dYFN32AHiJEf4RiVGL3YBHZhkx9Cp+EDhe5/pf\nT5DbpEWRke6qUd2E2lReDxabSEzaPrnP6kapQHclAyjT178IePkw3VHbM9wtBDK2\nthwa4okgBMlqyjAxq/RuB4mtG/1OGg5INMrXSmYtb++bmSxVjco8YWiYSR6l+s+V\n4E4SIYryOE4sFJA6EF+A05vS8L/ei8Lu5feYb7MnI6hwj9cFAoIBAQDutjNYvStg\nAKX5WrXAgdWQXMKQpiXTimX0F6986vMbu6iiSd6wz07QAqcnL+BbWWybFaODzI4t\nDXfmx7ORHolk4Op6AOzjt2JZQ3+3MkF208K2y04jhJMpKH3aBQCBujPt3uYIGw7h\nAQw4aAbGKsrZbA2OpZ+aSfx/Ry7mKk4E84dioi5rOUShwrEj+JrnnbV4GcTCjqo7\n0loqN3Yq7Py5uSFXGy7gwoA8Iz2HstG9SIJevWf0DchZ9CsIxjLXwYJK7cs2dlj8\nnrBVRneMsnVk4treHI3rjfQSMrrWxOtF8Ef43u05bLvRjBXcg6R67bAwVy64fd9/\nwZM+4GPHNQxDAoIBAB8GhfNwnHiYY+mvaX8hbNDwG18hgDq5BiRv7Hjgk54365Yf\n5oUrmk/ORXlWo+tOD4RO9ynkipy2NHYrO46Ll4YaJIvsyhoyS+xe6hWJ8uc8oR3Q\nxHhtD+sorjDO0C2/xBbIFm3sGHD7SVOWIcTsGBsZSDhY3l/o0c5IjdvckFzRC0S8\n2/qxTHJZtXRjdf00roI+W7lXI6qcftA+go9nzZ5X1fSFRzSL8MsHs97MEDqyIE2B\neNqPgkVsA63gRheDIjs1HFU/HX5mskJe3Ndxzuv6aMcTrkBmRMvhpcbCAbdCaHuD\nm1EupXnMeTqi/5d+aX3L2XXXMGq4V0jr9VT6ogUCggEAEwcjAKfTlUt373BznGy9\nAUzjlXQo/7vAdLyOmH6B8mv6/TS2M5HSznHnsQ/36lAugA4xgogDrUOtkw/IGIE+\nonPrPN5mA6DSjhr7SzcOUNKAauG50Mr4kAdSQNa1O6IEEan63BqMDRNwTe682379\nvGcIjZ5WIo5TOjIKYv5sSai/2fTjjlh6SAqk5CEk9+FyXahwLrIAj9Qsq8DQAovx\neTxwk+juy6u1XRXSCccPQO9OtQ6UArg2iDUWWRSzaM9b+20JDcZRQZHErId5cBWp\nlekfWSUdivE9y1WP3x7DQkfs9MGQV0t7jTCFbZZwvfvEV5Ybe0lNT3m2qwRn77Ei\n0QKCAQEA4FbbRg81cAWj52cOrNNqVuF3PFRbuV04akeqTr4u23xWsEKuC5e2DDP1\nWRWcQN4Eov6+mw204UkARO+REw6pAXI5cxIMoEBq+b7waDRFWccdQdrEcsOBu5tD\nkLcKvvz8bDdPNKOMmb7PR8Sa/Y9G/9o/7eD1432v3u23uRifx6kDfeo19bCHLAwY\nonCmubmPE9g4Wuw2UkN2EuCk8MYWVYML7x8sx4PQCfYdZPdakBd2ayZN0DONJ5w1\nV8cIfx8vPBR7eH2lZfF4aX3MnFrt5iETwgR6IpVO0MLMk7UlWQjSeJqkwYT1YHbx\n6bufkoWPBfkxedw0ctJFOcwREVgsQg==\n-----END PRIVATE KEY-----\n","public_key_fingerprint_md5":"73:4a:16:7c:e0:89:85:5c:eb:7f:4a:07:b4:46:b9:0b","public_key_fingerprint_sha256":"SHA256:UBsqd1wgehzzcFwGnm78ZH3VZEp1JUqR7jcTC9TOBUM","public_key_openssh":"ssh-rsa AAAAB3NzaC1yc2EAAAADAQABAAACAQDVGxXcaD17NvGfH2rtnkwnQomFQA3m7UC5Z7HuxRJ1jtozLz+JBmgeeSWx2USFWKln86+ByC6vWApY6D5KyEi2NIDRoTLq6TMMP8x3QJtufIAIMnX8exnFzwFMLmINTWzCtdFge0R4iH86YeQOPgJBmD/mBI/5SdeIei3F/0VuwbHPglBu3+4uO2/YNVKYs+Ttyo9t8xPDllU9GXCYDVXDVghSLEtMomgZ2mADp/BAOBAthRknIpIy9gVKHQIUtrCgcixG2oge/BYzxTwur1Y/TdSE1WjMOfa695wqlDRFX8Lyps6Ac71UZintVUETLH6/g0Vli84u63f17yYmpcbYrBcf4cUHHPQq6dDEimghjq4NBeeSG1GSBmh61N1GAXAEt+m780TL19WD1twIl2d8qJbcChVGqwy9pajYx/U96dj5AaKSvm40OJI+hkXZCcrjfQk6nawtoIBmFcK1LfVg6oOMVzcbnR7jvTHAOGQNrHPJyJb2umO3Zr/zUZzm+dooSmOeWw4yI3SJ6BwBgK4pcDKBTONG0qARJRpJxtBGymrk4QTckfwLKzM9bXsjbHyr/alposH34BooPdambuT6zE2Q6hF222Jkw90GWq21jhbtryIC/nfcvZpPDTy47mvSYqNoZ1MXqzjtIdepBRa9C5oErgeRQyhgQ983msKCTw==\n","public_key_pem":"-----BEGIN PUBLIC KEY-----\nMIICIjANBgkqhkiG9w0BAQEFAAOCAg8AMIICCgKCAgEA1RsV3Gg9ezbxnx9q7Z5M\nJ0KJhUAN5u1AuWex7sUSdY7aMy8/iQZoHnklsdlEhVipZ/Ovgcgur1gKWOg+SshI\ntjSA0aEy6ukzDD/Md0CbbnyACDJ1/HsZxc8BTC5iDU1swrXRYHtEeIh/OmHkDj4C\nQZg/5gSP+UnXiHotxf9FbsGxz4JQbt/uLjtv2DVSmLPk7cqPbfMTw5ZVPRlwmA1V\nw1YIUixLTKJoGdpgA6fwQDgQLYUZJyKSMvYFSh0CFLawoHIsRtqIHvwWM8U8Lq9W\nP03UhNVozDn2uvecKpQ0RV/C8qbOgHO9VGYp7VVBEyx+v4NFZYvOLut39e8mJqXG\n2KwXH+HFBxz0KunQxIpoIY6uDQXnkhtRkgZoetTdRgFwBLfpu/NEy9fVg9bcCJdn\nfKiW3AoVRqsMvaWo2Mf1PenY+QGikr5uNDiSPoZF2QnK430JOp2sLaCAZhXCtS31\nYOqDjFc3G50e470xwDhkDaxzyciW9rpjt2a/81Gc5vnaKEpjnlsOMiN0iegcAYCu\nKXAygUzjRtKgESUaScbQRspq5OEE3JH8CyszPW17I2x8q/2paaLB9+AaKD3Wpm7k\n+sxNkOoRdttiZMPdBlqttY4W7a8iAv533L2aTw08uO5r0mKjaGdTF6s47SHXqQUW\nvQuaBK4HkUMoYEPfN5rCgk8CAwEAAQ==\n-----END PUBLIC KEY-----\n","rsa_bits":4096},"sensitive_attributes":[[{"type":"get_attr","value":"private_key_openssh"}],[{"type":"get_attr","value":"private_key_pem"}],[{"type":"get_attr","value":"private_key_pem_pkcs8"}]]}]}],"check_results":null}
